
Microsoft Visual Studio Solution File, Format Version 12.00
# Visual Studio Version 17
VisualStudioVersion = 17.3.32929.385
MinimumVisualStudioVersion = 10.0.40219.1
Project("{FAE04EC0-301F-11D3-BF4B-00C04F79EFBC}") = "LetsWatch.Server", "LetsWatch\Server\LetsWatch.Server.csproj", "{6B3C0209-1CCB-49F4-8F11-2AEBECB51DAA}"
EndProject
Project("{FAE04EC0-301F-11D3-BF4B-00C04F79EFBC}") = "LetsWatch.Client", "LetsWatch\Client\LetsWatch.Client.csproj", "{3BE0C484-5D85-48E4-8415-8F0EBC3CEA69}"
EndProject
Project("{FAE04EC0-301F-11D3-BF4B-00C04F79EFBC}") = "LetsWatch.Shared", "LetsWatch\Shared\LetsWatch.Shared.csproj", "{37CBF807-85B9-47C6-9AB3-BB1C0CB430F6}"
EndProject
Global
	GlobalSection(SolutionConfigurationPlatforms) = preSolution
		Debug|Any CPU = Debug|Any CPU
		Release|Any CPU = Release|Any CPU
	EndGlobalSection
	GlobalSection(ProjectConfigurationPlatforms) = postSolution
		{6B3C0209-1CCB-49F4-8F11-2AEBECB51DAA}.Debug|Any CPU.ActiveCfg = Debug|Any CPU
		{6B3C0209-1CCB-49F4-8F11-2AEBECB51DAA}.Debug|Any CPU.Build.0 = Debug|Any CPU
		{6B3C0209-1CCB-49F4-8F11-2AEBECB51DAA}.Release|Any CPU.ActiveCfg = Release|Any CPU
		{6B3C0209-1CCB-49F4-8F11-2AEBECB51DAA}.Release|Any CPU.Build.0 = Release|Any CPU
		{3BE0C484-5D85-48E4-8415-8F0EBC3CEA69}.Debug|Any CPU.ActiveCfg = Debug|Any CPU
		{3BE0C484-5D85-48E4-8415-8F0EBC3CEA69}.Debug|Any CPU.Build.0 = Debug|Any CPU
		{3BE0C484-5D85-48E4-8415-8F0EBC3CEA69}.Release|Any CPU.ActiveCfg = Release|Any CPU
		{3BE0C484-5D85-48E4-8415-8F0EBC3CEA69}.Release|Any CPU.Build.0 = Release|Any CPU
		{37CBF807-85B9-47C6-9AB3-BB1C0CB430F6}.Debug|Any CPU.ActiveCfg = Debug|Any CPU
		{37CBF807-85B9-47C6-9AB3-BB1C0CB430F6}.Debug|Any CPU.Build.0 = Debug|Any CPU
		{37CBF807-85B9-47C6-9AB3-BB1C0CB430F6}.Release|Any CPU.ActiveCfg = Release|Any CPU
		{37CBF807-85B9-47C6-9AB3-BB1C0CB430F6}.Release|Any CPU.Build.0 = Release|Any CPU
	EndGlobalSection
	GlobalSection(SolutionProperties) = preSolution
		HideSolutionNode = FALSE
	EndGlobalSection
	GlobalSection(ExtensibilityGlobals) = postSolution
		SolutionGuid = {A62380DA-C035-4854-B8B4-F690BC473515}
	EndGlobalSection
EndGlobal
